// !$*UTF8*$!
{
	archiveVersion = 1;
	classes = {
	};
	objectVersion = 46;
	objects = {

/* Begin PBXBuildFile section */
		C55BE5421C99DB1100987073 /* AppDelegate.swift in Sources */ = {isa = PBXBuildFile; fileRef = C55BE5411C99DB1100987073 /* AppDelegate.swift */; };
		C55BE5441C99DB1100987073 /* ViewController.swift in Sources */ = {isa = PBXBuildFile; fileRef = C55BE5431C99DB1100987073 /* ViewController.swift */; };
		C55BE5471C99DB1100987073 /* Main.storyboard in Resources */ = {isa = PBXBuildFile; fileRef = C55BE5451C99DB1100987073 /* Main.storyboard */; };
		C55BE5491C99DB1100987073 /* Assets.xcassets in Resources */ = {isa = PBXBuildFile; fileRef = C55BE5481C99DB1100987073 /* Assets.xcassets */; };
		C55BE54C1C99DB1100987073 /* LaunchScreen.storyboard in Resources */ = {isa = PBXBuildFile; fileRef = C55BE54A1C99DB1100987073 /* LaunchScreen.storyboard */; };
		C55BE5541C99DB3300987073 /* BackgroundView.swift in Sources */ = {isa = PBXBuildFile; fileRef = C55BE5531C99DB3300987073 /* BackgroundView.swift */; };
/* End PBXBuildFile section */

/* Begin PBXFileReference section */
		C55BE53E1C99DB1100987073 /* BackgroundResearch.app */ = {isa = PBXFileReference; explicitFileType = wrapper.application; includeInIndex = 0; path = BackgroundResearch.app; sourceTree = BUILT_PRODUCTS_DIR; };
		C55BE5411C99DB1100987073 /* AppDelegate.swift */ = {isa = PBXFileReference; lastKnownFileType = sourcecode.swift; path = AppDelegate.swift; sourceTree = "<group>"; };
		C55BE5431C99DB1100987073 /* ViewController.swift */ = {isa = PBXFileReference; lastKnownFileType = sourcecode.swift; path = ViewController.swift; sourceTree = "<group>"; };
		C55BE5461C99DB1100987073 /* Base */ = {isa = PBXFileReference; lastKnownFileType = file.storyboard; name = Base; path = Base.lproj/Main.storyboard; sourceTree = "<group>"; };
		C55BE5481C99DB1100987073 /* Assets.xcassets */ = {isa = PBXFileReference; lastKnownFileType = folder.assetcatalog; path = Assets.xcassets; sourceTree = "<group>"; };
		C55BE54B1C99DB1100987073 /* Base */ = {isa = PBXFileReference; lastKnownFileType = file.storyboard; name = Base; path = Base.lproj/LaunchScreen.storyboard; sourceTree = "<group>"; };
		C55BE54D1C99DB1100987073 /* Info.plist */ = {isa = PBXFileReference; lastKnownFileType = text.plist.xml; path = Info.plist; sourceTree = "<group>"; };
		C55BE5531C99DB3300987073 /* BackgroundView.swift */ = {isa = PBXFileReference; fileEncoding = 4; lastKnownFileType = sourcecode.swift; path = BackgroundView.swift; sourceTree = "<group>"; };
/* End PBXFileReference section */

/* Begin PBXFrameworksBuildPhase section */
		C55BE53B1C99DB1100987073 /* Frameworks */ = {
			isa = PBXFrameworksBuildPhase;
			buildActionMask = 2147483647;
			files = (
			);
			runOnlyForDeploymentPostprocessing = 0;
		};
/* End PBXFrameworksBuildPhase section */

/* Begin PBXGroup section */
		C55BE5351C99DB1100987073 = {
			isa = PBXGroup;
			children = (
				C55BE5401C99DB1100987073 /* BackgroundResearch */,
				C55BE53F1C99DB1100987073 /* Products */,
			);
			sourceTree = "<group>";
		};
		C55BE53F1C99DB1100987073 /* Products */ = {
			isa = PBXGroup;
			children = (
				C55BE53E1C99DB1100987073 /* BackgroundResearch.app */,
			);
			name = Products;
			sourceTree = "<group>";
		};
		C55BE5401C99DB1100987073 /* BackgroundResearch */ = {
			isa = PBXGroup;
			children = (
				C55BE5411C99DB1100987073 /* AppDelegate.swift */,
				C55BE5431C99DB1100987073 /* ViewController.swift */,
				C55BE5451C99DB1100987073 /* Main.storyboard */,
				C55BE5481C99DB1100987073 /* Assets.xcassets */,
				C55BE54A1C99DB1100987073 /* LaunchScreen.storyboard */,
				C55BE54D1C99DB1100987073 /* Info.plist */,
				C55BE5531C99DB3300987073 /* BackgroundView.swift */,
			);
			path = BackgroundResearch;
			sourceTree = "<group>";
		};
/* End PBXGroup section */

/* Begin PBXNativeTarget section */
		C55BE53D1C99DB1100987073 /* BackgroundResearch */ = {
			isa = PBXNativeTarget;
			buildConfigurationList = C55BE5501C99DB1100987073 /* Build configuration list for PBXNativeTarget "BackgroundResearch" */;
			buildPhases = (
				C55BE53A1C99DB1100987073 /* Sources */,
				C55BE53B1C99DB1100987073 /* Frameworks */,
				C55BE53C1C99DB1100987073 /* Resources */,
			);
			buildRules = (
			);
			dependencies = (
			);
			name = BackgroundResearch;
			productName = BackgroundResearch;
			productReference = C55BE53E1C99DB1100987073 /* BackgroundResearch.app */;
			productType = "com.apple.product-type.application";
		};
/* End PBXNativeTarget section */

/* Begin PBXProject section */
		C55BE5361C99DB1100987073 /* Project object */ = {
			isa = PBXProject;
			attributes = {
				LastSwiftUpdateCheck = 0720;
				LastUpgradeCheck = 0720;
				ORGANIZATIONNAME = "Maxim Pervushin";
				TargetAttributes = {
					C55BE53D1C99DB1100987073 = {
						CreatedOnToolsVersion = 7.2.1;
					};
				};
			};
			buildConfigurationList = C55BE5391C99DB1100987073 /* Build configuration list for PBXProject "BackgroundResearch" */;
			compatibilityVersion = "Xcode 3.2";
			developmentRegion = English;
			hasScannedForEncodings = 0;
			knownRegions = (
				en,
				Base,
			);
			mainGroup = C55BE5351C99DB1100987073;
			productRefGroup = C55BE53F1C99DB1100987073 /* Products */;
			projectDirPath = "";
			projectRoot = "";
			targets = (
				C55BE53D1C99DB1100987073 /* BackgroundResearch */,
			);
		};
/* End PBXProject section */

/* Begin PBXResourcesBuildPhase section */
		C55BE53C1C99DB1100987073 /* Resources */ = {
			isa = PBXResourcesBuildPhase;
			buildActionMask = 2147483647;
			files = (
				C55BE54C1C99DB1100987073 /* LaunchScreen.storyboard in Resources */,
				C55BE5491C99DB1100987073 /* Assets.xcassets in Resources */,
				C55BE5471C99DB1100987073 /* Main.storyboard in Resources */,
			);
			runOnlyForDeploymentPostprocessing = 0;
		};
/* End PBXResourcesBuildPhase section */

/* Begin PBXSourcesBuildPhase section */
		C55BE53A1C99DB1100987073 /* Sources */ = {
			isa = PBXSourcesBuildPhase;
			buildActionMask = 2147483647;
			files = (
				C55BE5541C99DB3300987073 /* BackgroundView.swift in Sources */,
				C55BE5441C99DB1100987073 /* ViewController.swift in Sources */,
				C55BE5421C99DB1100987073 /* AppDelegate.swift in Sources */,
			);
			runOnlyForDeploymentPostprocessing = 0;
		};
/* End PBXSourcesBuildPhase section */

/* Begin PBXVariantGroup section */
		C55BE5451C99DB1100987073 /* Main.storyboard */ = {
			isa = PBXVariantGroup;
			children = (
				C55BE5461C99DB1100987073 /* Base */,
			);
			name = Main.storyboard;
			sourceTree = "<group>";
		};
		C55BE54A1C99DB1100987073 /* LaunchScreen.storyboard */ = {
			isa = PBXVariantGroup;
			children = (
				C55BE54B1C99DB1100987073 /* Base */,
			);
			name = LaunchScreen.storyboard;
			sourceTree = "<group>";
		};
/* End PBXVariantGroup section */

/* Begin XCBuildConfiguration section */
		C55BE54E1C99DB1100987073 /* Debug */ = {
			isa = XCBuildConfiguration;
			buildSettings = {
				ALWAYS_SEARCH_USER_PATHS = NO;
				CLANG_CXX_LANGUAGE_STANDARD = "gnu++0x";
				CLANG_CXX_LIBRARY = "libc++";
				CLANG_ENABLE_MODULES = YES;
				CLANG_ENABLE_OBJC_ARC = YES;
				CLANG_WARN_BOOL_CONVERSION = YES;
				CLANG_WARN_CONSTANT_CONVERSION = YES;
				CLANG_WARN_DIRECT_OBJC_ISA_USAGE = YES_ERROR;
				CLANG_WARN_EMPTY_BODY = YES;
				CLANG_WARN_ENUM_CONVERSION = YES;
				CLANG_WARN_INT_CONVERSION = YES;
				CLANG_WARN_OBJC_ROOT_CLASS = YES_ERROR;
				CLANG_WARN_UNREACHABLE_CODE = YES;
				CLANG_WARN__DUPLICATE_METHOD_MATCH = YES;
				"CODE_SIGN_IDENTITY[sdk=iphoneos*]" = "iPhone Developer";
				COPY_PHASE_STRIP = NO;
				DEBUG_INFORMATION_FORMAT = dwarf;
				ENABLE_STRICT_OBJC_MSGSEND = YES;
				ENABLE_TESTABILITY = YES;
				GCC_C_LANGUAGE_STANDARD = gnu99;
				GCC_DYNAMIC_NO_PIC = NO;
				GCC_NO_COMMON_BLOCKS = YES;
				GCC_OPTIMIZATION_LEVEL = 0;
				GCC_PREPROCESSOR_DEFINITIONS = (
					"DEBUG=1",
					"$(inherited)",
				);
				GCC_WARN_64_TO_32_BIT_CONVERSION = YES;
				GCC_WARN_ABOUT_RETURN_TYPE = YES_ERROR;
				GCC_WARN_UNDECLARED_SELECTOR = YES;
				GCC_WARN_UNINITIALIZED_AUTOS = YES_AGGRESSIVE;
				GCC_WARN_UNUSED_FUNCTION = YES;
				GCC_WARN_UNUSED_VARIABLE = YES;
				IPHONEOS_DEPLOYMENT_TARGET = 9.2;
				MTL_ENABLE_DEBUG_INFO = YES;
				ONLY_ACTIVE_ARCH = YES;
				SDKROOT = iphoneos;
				SWIFT_OPTIMIZATION_LEVEL = "-Onone";
				TARGETED_DEVICE_FAMILY = "1,2";
			};
			name = Debug;
		};
		C55BE54F1C99DB1100987073 /* Release */ = {
			isa = XCBuildConfiguration;
			buildSettings = {
				ALWAYS_SEARCH_USER_PATHS = NO;
				CLANG_CXX_LANGUAGE_STANDARD = "gnu++0x";
				CLANG_CXX_LIBRARY = "libc++";
				CLANG_ENABLE_MODULES = YES;
				CLANG_ENABLE_OBJC_ARC = YES;
				CLANG_WARN_BOOL_CONVERSION = YES;
				CLANG_WARN_CONSTANT_CONVERSION = YES;
				CLANG_WARN_DIRECT_OBJC_ISA_USAGE = YES_ERROR;
				CLANG_WARN_EMPTY_BODY = YES;
				CLANG_WARN_ENUM_CONVERSION = YES;
				CLANG_WARN_INT_CONVERSION = YES;
				CLANG_WARN_OBJC_ROOT_CLASS = YES_ERROR;
				CLANG_WARN_UNREACHABLE_CODE = YES;
				CLANG_WARN__DUPLICATE_METHOD_MATCH = YES;
				"CODE_SIGN_IDENTITY[sdk=iphoneos*]" = "iPhone Developer";
				COPY_PHASE_STRIP = NO;
				DEBUG_INFORMATION_FORMAT = "dwarf-with-dsym";
				ENABLE_NS_ASSERTIONS = NO;
				ENABLE_STRICT_OBJC_MSGSEND = YES;
				GCC_C_LANGUAGE_STANDARD = gnu99;
				GCC_NO_COMMON_BLOCKS = YES;
				GCC_WARN_64_TO_32_BIT_CONVERSION = YES;
				GCC_WARN_ABOUT_RETURN_TYPE = YES_ERROR;
				GCC_WARN_UNDECLARED_SELECTOR = YES;
				GCC_WARN_UNINITIALIZED_AUTOS = YES_AGGRESSIVE;
				GCC_WARN_UNUSED_FUNCTION = YES;
				GCC_WARN_UNUSED_VARIABLE = YES;
				IPHONEOS_DEPLOYMENT_TARGET = 9.2;
				MTL_ENABLE_DEBUG_INFO = NO;
				SDKROOT = iphoneos;
				TARGETED_DEVICE_FAMILY = "1,2";
				VALIDATE_PRODUCT = YES;
			};
			name = Release;
		};
		C55BE5511C99DB1100987073 /* Debug */ = {
			isa = XCBuildConfiguration;
			buildSettings = {
				ASSETCATALOG_COMPILER_APPICON_NAME = AppIcon;
				INFOPLIST_FILE = BackgroundResearch/Info.plist;
				LD_RUNPATH_SEARCH_PATHS = "$(inherited) @executable_path/Frameworks";
				PRODUCT_BUNDLE_IDENTIFIER = com.maximpervushin.BackgroundResearch;
				PRODUCT_NAME = "$(TARGET_NAME)";
			};
			name = Debug;
		};
		C55BE5521C99DB1100987073 /* Release */ = {
			isa = XCBuildConfiguration;
			buildSettings = {
				ASSETCATALOG_COMPILER_APPICON_NAME = AppIcon;
				INFOPLIST_FILE = BackgroundResearch/Info.plist;
				LD_RUNPATH_SEARCH_PATHS = "$(inherited) @executable_path/Frameworks";
				PRODUCT_BUNDLE_IDENTIFIER = com.maximpervushin.BackgroundResearch;
				PRODUCT_NAME = "$(TARGET_NAME)";
			};
			name = Release;
		};
/* End XCBuildConfiguration section */

/* Begin XCConfigurationList section */
		C55BE5391C99DB1100987073 /* Build configuration list for PBXProject "BackgroundResearch" */ = {
			isa = XCConfigurationList;
			buildConfigurations = (
				C55BE54E1C99DB1100987073 /* Debug */,
				C55BE54F1C99DB1100987073 /* Release */,
			);
			defaultConfigurationIsVisible = 0;
			defaultConfigurationName = Release;
		};
		C55BE5501C99DB1100987073 /* Build configuration list for PBXNativeTarget "BackgroundResearch" */ = {
			isa = XCConfigurationList;
			buildConfigurations = (
				C55BE5511C99DB1100987073 /* Debug */,
				C55BE5521C99DB1100987073 /* Release */,
			);
			defaultConfigurationIsVisible = 0;
		};
/* End XCConfigurationList section */
	};
	rootObject = C55BE5361C99DB1100987073 /* Project object */;
}
