// !$*UTF8*$!
{
	archiveVersion = 1;
	classes = {
	};
	objectVersion = 46;
	objects = {

/* Begin PBXBuildFile section */
		73BC604E372FD21B1A38DBC8 /* NavigationController.swift in Sources */ = {isa = PBXBuildFile; fileRef = 73BC613E9D020FC68EBCDF43 /* NavigationController.swift */; };
		73BC606A95F2F93C80E214A3 /* ChatViewController.swift in Sources */ = {isa = PBXBuildFile; fileRef = 73BC6E2E33146CF7ABC71DF8 /* ChatViewController.swift */; };
		73BC607B994E7A109C4A0929 /* App.swift in Sources */ = {isa = PBXBuildFile; fileRef = 73BC632DDB8EE523C573088E /* App.swift */; };
		73BC60A39F37BAF60F0D1DCB /* ChatListViewController.swift in Sources */ = {isa = PBXBuildFile; fileRef = 73BC68092ABB2C56051F1B78 /* ChatListViewController.swift */; };
		73BC60CA5259E2CBB96E8A72 /* HorizontalGradientView.swift in Sources */ = {isa = PBXBuildFile; fileRef = 73BC64C3178F8C25D2BC58E7 /* HorizontalGradientView.swift */; };
		73BC60E7732A4B7F6AE77324 /* SignoutRequest.swift in Sources */ = {isa = PBXBuildFile; fileRef = 73BC63AD2741D17BA7DE4A92 /* SignoutRequest.swift */; };
		73BC614FB5B57C380E709A87 /* CircleButton.swift in Sources */ = {isa = PBXBuildFile; fileRef = 73BC64EEA4B5501E7087F609 /* CircleButton.swift */; };
		73BC618DC3E2E771923403F3 /* SignoutFailureResponse.swift in Sources */ = {isa = PBXBuildFile; fileRef = 73BC64AB7AB4E923E80F0C80 /* SignoutFailureResponse.swift */; };
		73BC61FBA8B60CF8EF173FB2 /* SignupSuccessResponse.swift in Sources */ = {isa = PBXBuildFile; fileRef = 73BC6F5AF30FCD16D16D5C18 /* SignupSuccessResponse.swift */; };
		73BC634049DA95A1797377D6 /* QuickSigninRequest.swift in Sources */ = {isa = PBXBuildFile; fileRef = 73BC6514007CC9CD177A2D18 /* QuickSigninRequest.swift */; };
		73BC638D693A16593CCFD725 /* SetPointerRequest.swift in Sources */ = {isa = PBXBuildFile; fileRef = 73BC6E529160C72F4DF6DFDB /* SetPointerRequest.swift */; };
		73BC639AB86D06A46E6D879A /* UIColor+Image.swift in Sources */ = {isa = PBXBuildFile; fileRef = 73BC63A1931E293ABE761A6F /* UIColor+Image.swift */; };
		73BC63C02F01B88149DBD5F8 /* ChatDispatcher.swift in Sources */ = {isa = PBXBuildFile; fileRef = 73BC6107DE0E8A9183C082AB /* ChatDispatcher.swift */; };
		73BC646C151D0275ED20F12C /* QuickSigninFailureResponse.swift in Sources */ = {isa = PBXBuildFile; fileRef = 73BC6C32102D7AE5F49A7478 /* QuickSigninFailureResponse.swift */; };
		73BC64CC68FB62A7E5B95845 /* Message.swift in Sources */ = {isa = PBXBuildFile; fileRef = 73BC66EE1FD46CD02DB8A7D7 /* Message.swift */; };
		73BC64DA0C4B991021C06431 /* Request.swift in Sources */ = {isa = PBXBuildFile; fileRef = 73BC69E77ACA5D1918E100B6 /* Request.swift */; };
		73BC66BE6BA111C59A0B4A59 /* SignupRequest.swift in Sources */ = {isa = PBXBuildFile; fileRef = 73BC68824F3514372A69CD58 /* SignupRequest.swift */; };
		73BC672ED8434EF9CA8B0BC5 /* SignupFailureResponse.swift in Sources */ = {isa = PBXBuildFile; fileRef = 73BC6908A0D8416A291CC086 /* SignupFailureResponse.swift */; };
		73BC6769F21918A453CB3A84 /* RoundedButton.swift in Sources */ = {isa = PBXBuildFile; fileRef = 73BC678CF4175ACFFB838E10 /* RoundedButton.swift */; };
		73BC678FE6FBFBF4C8AF9A73 /* Response.swift in Sources */ = {isa = PBXBuildFile; fileRef = 73BC68E80E37A0E41F889EF6 /* Response.swift */; };
		73BC6872AAC39F168473CBC5 /* Chat.swift in Sources */ = {isa = PBXBuildFile; fileRef = 73BC6CA84191648242329081 /* Chat.swift */; };
		73BC68798F83377392091D58 /* SigninFailureResponse.swift in Sources */ = {isa = PBXBuildFile; fileRef = 73BC6230CF29F376C8DE8677 /* SigninFailureResponse.swift */; };
		73BC69A5B36EB1D162C2DD3D /* QuickSigninSuccessResponse.swift in Sources */ = {isa = PBXBuildFile; fileRef = 73BC6D0CC5E82EF43198D788 /* QuickSigninSuccessResponse.swift */; };
		73BC6A5DF221E9954CB8F7C6 /* LogInViewController.swift in Sources */ = {isa = PBXBuildFile; fileRef = 73BC6FFFB9062AE03B92AD58 /* LogInViewController.swift */; };
		73BC6A79C8F328551EE4803E /* ChatCell.swift in Sources */ = {isa = PBXBuildFile; fileRef = 73BC63E79C9695929C45E267 /* ChatCell.swift */; };
		73BC6B351E1884F6165828A3 /* SignoutSuccessResponse.swift in Sources */ = {isa = PBXBuildFile; fileRef = 73BC60A06D71BF92EEE87B7F /* SignoutSuccessResponse.swift */; };
		73BC6B3987E326AE84207818 /* AddChatCell.swift in Sources */ = {isa = PBXBuildFile; fileRef = 73BC6FDDE5C39D05DA2F5F06 /* AddChatCell.swift */; };
		73BC6B5A55AD63223246C433 /* SigninRequest.swift in Sources */ = {isa = PBXBuildFile; fileRef = 73BC68486161F99BD9D9CCCD /* SigninRequest.swift */; };
		73BC6B6BEEBD1BECA5B543BF /* RoundedView.swift in Sources */ = {isa = PBXBuildFile; fileRef = 73BC6E9C0CCCC12694B0F42E /* RoundedView.swift */; };
		73BC6BDED5459EC791D1941C /* SetPointerFailureResponse.swift in Sources */ = {isa = PBXBuildFile; fileRef = 73BC662F9347F04E97E9689F /* SetPointerFailureResponse.swift */; };
		73BC6D405CCA21E9ED3128B8 /* SetPointerSuccessResponse.swift in Sources */ = {isa = PBXBuildFile; fileRef = 73BC6EC8AA2321CAAE730A30 /* SetPointerSuccessResponse.swift */; };
		73BC6DEC21F7FBEA5A83B027 /* CircleLabel.swift in Sources */ = {isa = PBXBuildFile; fileRef = 73BC67C49441DE892C7F34FB /* CircleLabel.swift */; };
		73BC6E084AE07AB52E0885A7 /* SigninSuccessResponse.swift in Sources */ = {isa = PBXBuildFile; fileRef = 73BC66BFF65EEAFCBE714D3D /* SigninSuccessResponse.swift */; };
		73BC6E41BDB1B1F9A799CF58 /* NSDate+SimpleChat.swift in Sources */ = {isa = PBXBuildFile; fileRef = 73BC63A3307F7C652FA529CD /* NSDate+SimpleChat.swift */; };
		73BC6F2ECAC5256C6EDA4662 /* StorageDispatcher.swift in Sources */ = {isa = PBXBuildFile; fileRef = 73BC6361C9B05A205D904C05 /* StorageDispatcher.swift */; };
		73BC6FA3E9DB83958E08CDFE /* SignUpViewController.swift in Sources */ = {isa = PBXBuildFile; fileRef = 73BC65A2D2C6CD4986A95FAC /* SignUpViewController.swift */; };
		809E65295E0AE684B77F845B /* Pods.framework in Frameworks */ = {isa = PBXBuildFile; fileRef = 797CF27FCD359A31F8AA5C9F /* Pods.framework */; };
		C515DCE41C85A25B004A7BD0 /* AppDelegate.swift in Sources */ = {isa = PBXBuildFile; fileRef = C515DCE31C85A25B004A7BD0 /* AppDelegate.swift */; };
		C515DCE91C85A25B004A7BD0 /* Main.storyboard in Resources */ = {isa = PBXBuildFile; fileRef = C515DCE71C85A25B004A7BD0 /* Main.storyboard */; };
		C515DCEB1C85A25B004A7BD0 /* Assets.xcassets in Resources */ = {isa = PBXBuildFile; fileRef = C515DCEA1C85A25B004A7BD0 /* Assets.xcassets */; };
		C515DCEE1C85A25B004A7BD0 /* LaunchScreen.storyboard in Resources */ = {isa = PBXBuildFile; fileRef = C515DCEC1C85A25B004A7BD0 /* LaunchScreen.storyboard */; };
/* End PBXBuildFile section */

/* Begin PBXFileReference section */
		72D93E3165B62EDDFB545E48 /* Pods.debug.xcconfig */ = {isa = PBXFileReference; includeInIndex = 1; lastKnownFileType = text.xcconfig; name = Pods.debug.xcconfig; path = "../Pods/Target Support Files/Pods/Pods.debug.xcconfig"; sourceTree = "<group>"; };
		73BC60A06D71BF92EEE87B7F /* SignoutSuccessResponse.swift */ = {isa = PBXFileReference; fileEncoding = 4; lastKnownFileType = sourcecode.swift; path = SignoutSuccessResponse.swift; sourceTree = "<group>"; };
		73BC6107DE0E8A9183C082AB /* ChatDispatcher.swift */ = {isa = PBXFileReference; fileEncoding = 4; lastKnownFileType = sourcecode.swift; path = ChatDispatcher.swift; sourceTree = "<group>"; };
		73BC613E9D020FC68EBCDF43 /* NavigationController.swift */ = {isa = PBXFileReference; fileEncoding = 4; lastKnownFileType = sourcecode.swift; path = NavigationController.swift; sourceTree = "<group>"; };
		73BC6230CF29F376C8DE8677 /* SigninFailureResponse.swift */ = {isa = PBXFileReference; fileEncoding = 4; lastKnownFileType = sourcecode.swift; path = SigninFailureResponse.swift; sourceTree = "<group>"; };
		73BC632DDB8EE523C573088E /* App.swift */ = {isa = PBXFileReference; fileEncoding = 4; lastKnownFileType = sourcecode.swift; path = App.swift; sourceTree = "<group>"; };
		73BC6361C9B05A205D904C05 /* StorageDispatcher.swift */ = {isa = PBXFileReference; fileEncoding = 4; lastKnownFileType = sourcecode.swift; path = StorageDispatcher.swift; sourceTree = "<group>"; };
		73BC63A1931E293ABE761A6F /* UIColor+Image.swift */ = {isa = PBXFileReference; fileEncoding = 4; lastKnownFileType = sourcecode.swift; path = "UIColor+Image.swift"; sourceTree = "<group>"; };
		73BC63A3307F7C652FA529CD /* NSDate+SimpleChat.swift */ = {isa = PBXFileReference; fileEncoding = 4; lastKnownFileType = sourcecode.swift; path = "NSDate+SimpleChat.swift"; sourceTree = "<group>"; };
		73BC63AD2741D17BA7DE4A92 /* SignoutRequest.swift */ = {isa = PBXFileReference; fileEncoding = 4; lastKnownFileType = sourcecode.swift; path = SignoutRequest.swift; sourceTree = "<group>"; };
		73BC63E79C9695929C45E267 /* ChatCell.swift */ = {isa = PBXFileReference; fileEncoding = 4; lastKnownFileType = sourcecode.swift; path = ChatCell.swift; sourceTree = "<group>"; };
		73BC64AB7AB4E923E80F0C80 /* SignoutFailureResponse.swift */ = {isa = PBXFileReference; fileEncoding = 4; lastKnownFileType = sourcecode.swift; path = SignoutFailureResponse.swift; sourceTree = "<group>"; };
		73BC64C3178F8C25D2BC58E7 /* HorizontalGradientView.swift */ = {isa = PBXFileReference; fileEncoding = 4; lastKnownFileType = sourcecode.swift; path = HorizontalGradientView.swift; sourceTree = "<group>"; };
		73BC64EEA4B5501E7087F609 /* CircleButton.swift */ = {isa = PBXFileReference; fileEncoding = 4; lastKnownFileType = sourcecode.swift; path = CircleButton.swift; sourceTree = "<group>"; };
		73BC6514007CC9CD177A2D18 /* QuickSigninRequest.swift */ = {isa = PBXFileReference; fileEncoding = 4; lastKnownFileType = sourcecode.swift; path = QuickSigninRequest.swift; sourceTree = "<group>"; };
		73BC65A2D2C6CD4986A95FAC /* SignUpViewController.swift */ = {isa = PBXFileReference; fileEncoding = 4; lastKnownFileType = sourcecode.swift; path = SignUpViewController.swift; sourceTree = "<group>"; };
		73BC662F9347F04E97E9689F /* SetPointerFailureResponse.swift */ = {isa = PBXFileReference; fileEncoding = 4; lastKnownFileType = sourcecode.swift; path = SetPointerFailureResponse.swift; sourceTree = "<group>"; };
		73BC66BFF65EEAFCBE714D3D /* SigninSuccessResponse.swift */ = {isa = PBXFileReference; fileEncoding = 4; lastKnownFileType = sourcecode.swift; path = SigninSuccessResponse.swift; sourceTree = "<group>"; };
		73BC66EE1FD46CD02DB8A7D7 /* Message.swift */ = {isa = PBXFileReference; fileEncoding = 4; lastKnownFileType = sourcecode.swift; path = Message.swift; sourceTree = "<group>"; };
		73BC678CF4175ACFFB838E10 /* RoundedButton.swift */ = {isa = PBXFileReference; fileEncoding = 4; lastKnownFileType = sourcecode.swift; path = RoundedButton.swift; sourceTree = "<group>"; };
		73BC67C49441DE892C7F34FB /* CircleLabel.swift */ = {isa = PBXFileReference; fileEncoding = 4; lastKnownFileType = sourcecode.swift; path = CircleLabel.swift; sourceTree = "<group>"; };
		73BC68092ABB2C56051F1B78 /* ChatListViewController.swift */ = {isa = PBXFileReference; fileEncoding = 4; lastKnownFileType = sourcecode.swift; path = ChatListViewController.swift; sourceTree = "<group>"; };
		73BC68486161F99BD9D9CCCD /* SigninRequest.swift */ = {isa = PBXFileReference; fileEncoding = 4; lastKnownFileType = sourcecode.swift; path = SigninRequest.swift; sourceTree = "<group>"; };
		73BC68824F3514372A69CD58 /* SignupRequest.swift */ = {isa = PBXFileReference; fileEncoding = 4; lastKnownFileType = sourcecode.swift; path = SignupRequest.swift; sourceTree = "<group>"; };
		73BC68E80E37A0E41F889EF6 /* Response.swift */ = {isa = PBXFileReference; fileEncoding = 4; lastKnownFileType = sourcecode.swift; path = Response.swift; sourceTree = "<group>"; };
		73BC6908A0D8416A291CC086 /* SignupFailureResponse.swift */ = {isa = PBXFileReference; fileEncoding = 4; lastKnownFileType = sourcecode.swift; path = SignupFailureResponse.swift; sourceTree = "<group>"; };
		73BC69E77ACA5D1918E100B6 /* Request.swift */ = {isa = PBXFileReference; fileEncoding = 4; lastKnownFileType = sourcecode.swift; path = Request.swift; sourceTree = "<group>"; };
		73BC6C32102D7AE5F49A7478 /* QuickSigninFailureResponse.swift */ = {isa = PBXFileReference; fileEncoding = 4; lastKnownFileType = sourcecode.swift; path = QuickSigninFailureResponse.swift; sourceTree = "<group>"; };
		73BC6CA84191648242329081 /* Chat.swift */ = {isa = PBXFileReference; fileEncoding = 4; lastKnownFileType = sourcecode.swift; path = Chat.swift; sourceTree = "<group>"; };
		73BC6D0CC5E82EF43198D788 /* QuickSigninSuccessResponse.swift */ = {isa = PBXFileReference; fileEncoding = 4; lastKnownFileType = sourcecode.swift; path = QuickSigninSuccessResponse.swift; sourceTree = "<group>"; };
		73BC6E2E33146CF7ABC71DF8 /* ChatViewController.swift */ = {isa = PBXFileReference; fileEncoding = 4; lastKnownFileType = sourcecode.swift; path = ChatViewController.swift; sourceTree = "<group>"; };
		73BC6E529160C72F4DF6DFDB /* SetPointerRequest.swift */ = {isa = PBXFileReference; fileEncoding = 4; lastKnownFileType = sourcecode.swift; path = SetPointerRequest.swift; sourceTree = "<group>"; };
		73BC6E9C0CCCC12694B0F42E /* RoundedView.swift */ = {isa = PBXFileReference; fileEncoding = 4; lastKnownFileType = sourcecode.swift; path = RoundedView.swift; sourceTree = "<group>"; };
		73BC6EC8AA2321CAAE730A30 /* SetPointerSuccessResponse.swift */ = {isa = PBXFileReference; fileEncoding = 4; lastKnownFileType = sourcecode.swift; path = SetPointerSuccessResponse.swift; sourceTree = "<group>"; };
		73BC6F5AF30FCD16D16D5C18 /* SignupSuccessResponse.swift */ = {isa = PBXFileReference; fileEncoding = 4; lastKnownFileType = sourcecode.swift; path = SignupSuccessResponse.swift; sourceTree = "<group>"; };
		73BC6FDDE5C39D05DA2F5F06 /* AddChatCell.swift */ = {isa = PBXFileReference; fileEncoding = 4; lastKnownFileType = sourcecode.swift; path = AddChatCell.swift; sourceTree = "<group>"; };
		73BC6FFFB9062AE03B92AD58 /* LogInViewController.swift */ = {isa = PBXFileReference; fileEncoding = 4; lastKnownFileType = sourcecode.swift; path = LogInViewController.swift; sourceTree = "<group>"; };
		797CF27FCD359A31F8AA5C9F /* Pods.framework */ = {isa = PBXFileReference; explicitFileType = wrapper.framework; includeInIndex = 0; path = Pods.framework; sourceTree = BUILT_PRODUCTS_DIR; };
		8EDCE3C81E4E95E87DA4A1C8 /* Pods.release.xcconfig */ = {isa = PBXFileReference; includeInIndex = 1; lastKnownFileType = text.xcconfig; name = Pods.release.xcconfig; path = "../Pods/Target Support Files/Pods/Pods.release.xcconfig"; sourceTree = "<group>"; };
		C515DCE01C85A25B004A7BD0 /* SimpleChat.app */ = {isa = PBXFileReference; explicitFileType = wrapper.application; includeInIndex = 0; path = SimpleChat.app; sourceTree = BUILT_PRODUCTS_DIR; };
		C515DCE31C85A25B004A7BD0 /* AppDelegate.swift */ = {isa = PBXFileReference; lastKnownFileType = sourcecode.swift; path = AppDelegate.swift; sourceTree = "<group>"; };
		C515DCE81C85A25B004A7BD0 /* Base */ = {isa = PBXFileReference; lastKnownFileType = file.storyboard; name = Base; path = Base.lproj/Main.storyboard; sourceTree = "<group>"; };
		C515DCEA1C85A25B004A7BD0 /* Assets.xcassets */ = {isa = PBXFileReference; lastKnownFileType = folder.assetcatalog; path = Assets.xcassets; sourceTree = "<group>"; };
		C515DCED1C85A25B004A7BD0 /* Base */ = {isa = PBXFileReference; lastKnownFileType = file.storyboard; name = Base; path = Base.lproj/LaunchScreen.storyboard; sourceTree = "<group>"; };
		C515DCEF1C85A25B004A7BD0 /* Info.plist */ = {isa = PBXFileReference; lastKnownFileType = text.plist.xml; path = Info.plist; sourceTree = "<group>"; };
/* End PBXFileReference section */

/* Begin PBXFrameworksBuildPhase section */
		C515DCDD1C85A25B004A7BD0 /* Frameworks */ = {
			isa = PBXFrameworksBuildPhase;
			buildActionMask = 2147483647;
			files = (
				809E65295E0AE684B77F845B /* Pods.framework in Frameworks */,
			);
			runOnlyForDeploymentPostprocessing = 0;
		};
/* End PBXFrameworksBuildPhase section */

/* Begin PBXGroup section */
		4EBC88E474C202FC291DD39F /* Pods */ = {
			isa = PBXGroup;
			children = (
				72D93E3165B62EDDFB545E48 /* Pods.debug.xcconfig */,
				8EDCE3C81E4E95E87DA4A1C8 /* Pods.release.xcconfig */,
			);
			name = Pods;
			sourceTree = "<group>";
		};
		73BC601F76A87D923DCBDA03 /* ChatList */ = {
			isa = PBXGroup;
			children = (
				73BC68092ABB2C56051F1B78 /* ChatListViewController.swift */,
				73BC63E79C9695929C45E267 /* ChatCell.swift */,
				73BC6FDDE5C39D05DA2F5F06 /* AddChatCell.swift */,
			);
			path = ChatList;
			sourceTree = "<group>";
		};
		73BC607F945BD2481BB55E94 /* Responses */ = {
			isa = PBXGroup;
			children = (
				73BC68E80E37A0E41F889EF6 /* Response.swift */,
				73BC6F5AF30FCD16D16D5C18 /* SignupSuccessResponse.swift */,
				73BC6908A0D8416A291CC086 /* SignupFailureResponse.swift */,
				73BC6D0CC5E82EF43198D788 /* QuickSigninSuccessResponse.swift */,
				73BC6C32102D7AE5F49A7478 /* QuickSigninFailureResponse.swift */,
				73BC66BFF65EEAFCBE714D3D /* SigninSuccessResponse.swift */,
				73BC6230CF29F376C8DE8677 /* SigninFailureResponse.swift */,
				73BC60A06D71BF92EEE87B7F /* SignoutSuccessResponse.swift */,
				73BC64AB7AB4E923E80F0C80 /* SignoutFailureResponse.swift */,
				73BC6EC8AA2321CAAE730A30 /* SetPointerSuccessResponse.swift */,
				73BC662F9347F04E97E9689F /* SetPointerFailureResponse.swift */,
			);
			path = Responses;
			sourceTree = "<group>";
		};
		73BC62B5A0F40BB0F8989C33 /* Data */ = {
			isa = PBXGroup;
			children = (
				73BC6361C9B05A205D904C05 /* StorageDispatcher.swift */,
				73BC66EE1FD46CD02DB8A7D7 /* Message.swift */,
				73BC68C668C018383420A2A1 /* Requests */,
				73BC607F945BD2481BB55E94 /* Responses */,
			);
			path = Data;
			sourceTree = "<group>";
		};
		73BC6305DF99F4D62D1723F7 /* Chat */ = {
			isa = PBXGroup;
			children = (
				73BC6CA84191648242329081 /* Chat.swift */,
				73BC6E2E33146CF7ABC71DF8 /* ChatViewController.swift */,
				73BC6107DE0E8A9183C082AB /* ChatDispatcher.swift */,
			);
			path = Chat;
			sourceTree = "<group>";
		};
		73BC6334FC23FBB6CFA54A32 /* LogIn */ = {
			isa = PBXGroup;
			children = (
				73BC6FFFB9062AE03B92AD58 /* LogInViewController.swift */,
			);
			path = LogIn;
			sourceTree = "<group>";
		};
		73BC63C81C67591F0AF40449 /* Screens */ = {
			isa = PBXGroup;
			children = (
				73BC6305DF99F4D62D1723F7 /* Chat */,
				73BC601F76A87D923DCBDA03 /* ChatList */,
				73BC6334FC23FBB6CFA54A32 /* LogIn */,
				73BC6587A880286A59A53015 /* SignUp */,
				73BC6AAC5F07C44D14C5AE9A /* Root */,
			);
			path = Screens;
			sourceTree = "<group>";
		};
		73BC6587A880286A59A53015 /* SignUp */ = {
			isa = PBXGroup;
			children = (
				73BC65A2D2C6CD4986A95FAC /* SignUpViewController.swift */,
			);
			path = SignUp;
			sourceTree = "<group>";
		};
		73BC65C93BD71D8F47BB6E3A /* Extensions */ = {
			isa = PBXGroup;
			children = (
				73BC63A3307F7C652FA529CD /* NSDate+SimpleChat.swift */,
				73BC63A1931E293ABE761A6F /* UIColor+Image.swift */,
			);
			path = Extensions;
			sourceTree = "<group>";
		};
		73BC68C668C018383420A2A1 /* Requests */ = {
			isa = PBXGroup;
			children = (
				73BC68824F3514372A69CD58 /* SignupRequest.swift */,
				73BC6514007CC9CD177A2D18 /* QuickSigninRequest.swift */,
				73BC68486161F99BD9D9CCCD /* SigninRequest.swift */,
				73BC63AD2741D17BA7DE4A92 /* SignoutRequest.swift */,
				73BC6E529160C72F4DF6DFDB /* SetPointerRequest.swift */,
				73BC69E77ACA5D1918E100B6 /* Request.swift */,
			);
			path = Requests;
			sourceTree = "<group>";
		};
		73BC6AAC5F07C44D14C5AE9A /* Root */ = {
			isa = PBXGroup;
			children = (
				73BC613E9D020FC68EBCDF43 /* NavigationController.swift */,
			);
			path = Root;
			sourceTree = "<group>";
		};
		73BC6B4C96F0ACCC57A63017 /* Views */ = {
			isa = PBXGroup;
			children = (
				73BC64EEA4B5501E7087F609 /* CircleButton.swift */,
				73BC67C49441DE892C7F34FB /* CircleLabel.swift */,
				73BC64C3178F8C25D2BC58E7 /* HorizontalGradientView.swift */,
				73BC678CF4175ACFFB838E10 /* RoundedButton.swift */,
				73BC6E9C0CCCC12694B0F42E /* RoundedView.swift */,
			);
			path = Views;
			sourceTree = "<group>";
		};
		C515DCD71C85A25B004A7BD0 = {
			isa = PBXGroup;
			children = (
				C515DCE21C85A25B004A7BD0 /* SimpleChat */,
				C515DCE11C85A25B004A7BD0 /* Products */,
				4EBC88E474C202FC291DD39F /* Pods */,
				F3C596A12B850F8400A720A1 /* Frameworks */,
			);
			sourceTree = "<group>";
		};
		C515DCE11C85A25B004A7BD0 /* Products */ = {
			isa = PBXGroup;
			children = (
				C515DCE01C85A25B004A7BD0 /* SimpleChat.app */,
			);
			name = Products;
			sourceTree = "<group>";
		};
		C515DCE21C85A25B004A7BD0 /* SimpleChat */ = {
			isa = PBXGroup;
			children = (
				C515DCE31C85A25B004A7BD0 /* AppDelegate.swift */,
				C515DCE71C85A25B004A7BD0 /* Main.storyboard */,
				C515DCEA1C85A25B004A7BD0 /* Assets.xcassets */,
				C515DCEC1C85A25B004A7BD0 /* LaunchScreen.storyboard */,
				C515DCEF1C85A25B004A7BD0 /* Info.plist */,
				73BC63C81C67591F0AF40449 /* Screens */,
				73BC62B5A0F40BB0F8989C33 /* Data */,
				73BC65C93BD71D8F47BB6E3A /* Extensions */,
				73BC6B4C96F0ACCC57A63017 /* Views */,
				73BC632DDB8EE523C573088E /* App.swift */,
			);
			path = SimpleChat;
			sourceTree = "<group>";
		};
		F3C596A12B850F8400A720A1 /* Frameworks */ = {
			isa = PBXGroup;
			children = (
				797CF27FCD359A31F8AA5C9F /* Pods.framework */,
			);
			name = Frameworks;
			sourceTree = "<group>";
		};
/* End PBXGroup section */

/* Begin PBXNativeTarget section */
		C515DCDF1C85A25B004A7BD0 /* SimpleChat */ = {
			isa = PBXNativeTarget;
			buildConfigurationList = C515DCF21C85A25B004A7BD0 /* Build configuration list for PBXNativeTarget "SimpleChat" */;
			buildPhases = (
				EC53165063E3E8DDF88905A0 /* Check Pods Manifest.lock */,
				C515DCDC1C85A25B004A7BD0 /* Sources */,
				C515DCDD1C85A25B004A7BD0 /* Frameworks */,
				C515DCDE1C85A25B004A7BD0 /* Resources */,
				FB13E1C8B3D7B2E4FDA6BAB6 /* Embed Pods Frameworks */,
				CDC017AA618EEFFD80D59200 /* Copy Pods Resources */,
			);
			buildRules = (
			);
			dependencies = (
			);
			name = SimpleChat;
			productName = SimpleChat;
			productReference = C515DCE01C85A25B004A7BD0 /* SimpleChat.app */;
			productType = "com.apple.product-type.application";
		};
/* End PBXNativeTarget section */

/* Begin PBXProject section */
		C515DCD81C85A25B004A7BD0 /* Project object */ = {
			isa = PBXProject;
			attributes = {
				LastSwiftUpdateCheck = 0720;
				LastUpgradeCheck = 0720;
				ORGANIZATIONNAME = "Maxim Pervushin";
				TargetAttributes = {
					C515DCDF1C85A25B004A7BD0 = {
						CreatedOnToolsVersion = 7.2.1;
					};
				};
			};
			buildConfigurationList = C515DCDB1C85A25B004A7BD0 /* Build configuration list for PBXProject "SimpleChat" */;
			compatibilityVersion = "Xcode 3.2";
			developmentRegion = English;
			hasScannedForEncodings = 0;
			knownRegions = (
				en,
				Base,
			);
			mainGroup = C515DCD71C85A25B004A7BD0;
			productRefGroup = C515DCE11C85A25B004A7BD0 /* Products */;
			projectDirPath = "";
			projectRoot = "";
			targets = (
				C515DCDF1C85A25B004A7BD0 /* SimpleChat */,
			);
		};
/* End PBXProject section */

/* Begin PBXResourcesBuildPhase section */
		C515DCDE1C85A25B004A7BD0 /* Resources */ = {
			isa = PBXResourcesBuildPhase;
			buildActionMask = 2147483647;
			files = (
				C515DCEE1C85A25B004A7BD0 /* LaunchScreen.storyboard in Resources */,
				C515DCEB1C85A25B004A7BD0 /* Assets.xcassets in Resources */,
				C515DCE91C85A25B004A7BD0 /* Main.storyboard in Resources */,
			);
			runOnlyForDeploymentPostprocessing = 0;
		};
/* End PBXResourcesBuildPhase section */

/* Begin PBXShellScriptBuildPhase section */
		CDC017AA618EEFFD80D59200 /* Copy Pods Resources */ = {
			isa = PBXShellScriptBuildPhase;
			buildActionMask = 2147483647;
			files = (
			);
			inputPaths = (
			);
			name = "Copy Pods Resources";
			outputPaths = (
			);
			runOnlyForDeploymentPostprocessing = 0;
			shellPath = /bin/sh;
			shellScript = "\"${SRCROOT}/../Pods/Target Support Files/Pods/Pods-resources.sh\"\n";
			showEnvVarsInLog = 0;
		};
		EC53165063E3E8DDF88905A0 /* Check Pods Manifest.lock */ = {
			isa = PBXShellScriptBuildPhase;
			buildActionMask = 2147483647;
			files = (
			);
			inputPaths = (
			);
			name = "Check Pods Manifest.lock";
			outputPaths = (
			);
			runOnlyForDeploymentPostprocessing = 0;
			shellPath = /bin/sh;
			shellScript = "diff \"${PODS_ROOT}/../Podfile.lock\" \"${PODS_ROOT}/Manifest.lock\" > /dev/null\nif [[ $? != 0 ]] ; then\n    cat << EOM\nerror: The sandbox is not in sync with the Podfile.lock. Run 'pod install' or update your CocoaPods installation.\nEOM\n    exit 1\nfi\n";
			showEnvVarsInLog = 0;
		};
		FB13E1C8B3D7B2E4FDA6BAB6 /* Embed Pods Frameworks */ = {
			isa = PBXShellScriptBuildPhase;
			buildActionMask = 2147483647;
			files = (
			);
			inputPaths = (
			);
			name = "Embed Pods Frameworks";
			outputPaths = (
			);
			runOnlyForDeploymentPostprocessing = 0;
			shellPath = /bin/sh;
			shellScript = "\"${SRCROOT}/../Pods/Target Support Files/Pods/Pods-frameworks.sh\"\n";
			showEnvVarsInLog = 0;
		};
/* End PBXShellScriptBuildPhase section */

/* Begin PBXSourcesBuildPhase section */
		C515DCDC1C85A25B004A7BD0 /* Sources */ = {
			isa = PBXSourcesBuildPhase;
			buildActionMask = 2147483647;
			files = (
				C515DCE41C85A25B004A7BD0 /* AppDelegate.swift in Sources */,
				73BC6872AAC39F168473CBC5 /* Chat.swift in Sources */,
				73BC606A95F2F93C80E214A3 /* ChatViewController.swift in Sources */,
				73BC60A39F37BAF60F0D1DCB /* ChatListViewController.swift in Sources */,
				73BC6A79C8F328551EE4803E /* ChatCell.swift in Sources */,
				73BC6F2ECAC5256C6EDA4662 /* StorageDispatcher.swift in Sources */,
				73BC64CC68FB62A7E5B95845 /* Message.swift in Sources */,
				73BC6E41BDB1B1F9A799CF58 /* NSDate+SimpleChat.swift in Sources */,
				73BC6A5DF221E9954CB8F7C6 /* LogInViewController.swift in Sources */,
				73BC6FA3E9DB83958E08CDFE /* SignUpViewController.swift in Sources */,
				73BC614FB5B57C380E709A87 /* CircleButton.swift in Sources */,
				73BC66BE6BA111C59A0B4A59 /* SignupRequest.swift in Sources */,
				73BC634049DA95A1797377D6 /* QuickSigninRequest.swift in Sources */,
				73BC6B5A55AD63223246C433 /* SigninRequest.swift in Sources */,
				73BC60E7732A4B7F6AE77324 /* SignoutRequest.swift in Sources */,
				73BC638D693A16593CCFD725 /* SetPointerRequest.swift in Sources */,
				73BC64DA0C4B991021C06431 /* Request.swift in Sources */,
				73BC678FE6FBFBF4C8AF9A73 /* Response.swift in Sources */,
				73BC61FBA8B60CF8EF173FB2 /* SignupSuccessResponse.swift in Sources */,
				73BC672ED8434EF9CA8B0BC5 /* SignupFailureResponse.swift in Sources */,
				73BC69A5B36EB1D162C2DD3D /* QuickSigninSuccessResponse.swift in Sources */,
				73BC646C151D0275ED20F12C /* QuickSigninFailureResponse.swift in Sources */,
				73BC6E084AE07AB52E0885A7 /* SigninSuccessResponse.swift in Sources */,
				73BC68798F83377392091D58 /* SigninFailureResponse.swift in Sources */,
				73BC6B351E1884F6165828A3 /* SignoutSuccessResponse.swift in Sources */,
				73BC618DC3E2E771923403F3 /* SignoutFailureResponse.swift in Sources */,
				73BC6D405CCA21E9ED3128B8 /* SetPointerSuccessResponse.swift in Sources */,
				73BC6BDED5459EC791D1941C /* SetPointerFailureResponse.swift in Sources */,
				73BC63C02F01B88149DBD5F8 /* ChatDispatcher.swift in Sources */,
				73BC6DEC21F7FBEA5A83B027 /* CircleLabel.swift in Sources */,
				73BC60CA5259E2CBB96E8A72 /* HorizontalGradientView.swift in Sources */,
				73BC607B994E7A109C4A0929 /* App.swift in Sources */,
				73BC6B3987E326AE84207818 /* AddChatCell.swift in Sources */,
				73BC6769F21918A453CB3A84 /* RoundedButton.swift in Sources */,
				73BC6B6BEEBD1BECA5B543BF /* RoundedView.swift in Sources */,
				73BC604E372FD21B1A38DBC8 /* NavigationController.swift in Sources */,
				73BC639AB86D06A46E6D879A /* UIColor+Image.swift in Sources */,
			);
			runOnlyForDeploymentPostprocessing = 0;
		};
/* End PBXSourcesBuildPhase section */

/* Begin PBXVariantGroup section */
		C515DCE71C85A25B004A7BD0 /* Main.storyboard */ = {
			isa = PBXVariantGroup;
			children = (
				C515DCE81C85A25B004A7BD0 /* Base */,
			);
			name = Main.storyboard;
			sourceTree = "<group>";
		};
		C515DCEC1C85A25B004A7BD0 /* LaunchScreen.storyboard */ = {
			isa = PBXVariantGroup;
			children = (
				C515DCED1C85A25B004A7BD0 /* Base */,
			);
			name = LaunchScreen.storyboard;
			sourceTree = "<group>";
		};
/* End PBXVariantGroup section */

/* Begin XCBuildConfiguration section */
		C515DCF01C85A25B004A7BD0 /* Debug */ = {
			isa = XCBuildConfiguration;
			buildSettings = {
				ALWAYS_SEARCH_USER_PATHS = NO;
				CLANG_CXX_LANGUAGE_STANDARD = "gnu++0x";
				CLANG_CXX_LIBRARY = "libc++";
				CLANG_ENABLE_MODULES = YES;
				CLANG_ENABLE_OBJC_ARC = YES;
				CLANG_WARN_BOOL_CONVERSION = YES;
				CLANG_WARN_CONSTANT_CONVERSION = YES;
				CLANG_WARN_DIRECT_OBJC_ISA_USAGE = YES_ERROR;
				CLANG_WARN_EMPTY_BODY = YES;
				CLANG_WARN_ENUM_CONVERSION = YES;
				CLANG_WARN_INT_CONVERSION = YES;
				CLANG_WARN_OBJC_ROOT_CLASS = YES_ERROR;
				CLANG_WARN_UNREACHABLE_CODE = YES;
				CLANG_WARN__DUPLICATE_METHOD_MATCH = YES;
				"CODE_SIGN_IDENTITY[sdk=iphoneos*]" = "iPhone Developer";
				COPY_PHASE_STRIP = NO;
				DEBUG_INFORMATION_FORMAT = dwarf;
				ENABLE_STRICT_OBJC_MSGSEND = YES;
				ENABLE_TESTABILITY = YES;
				GCC_C_LANGUAGE_STANDARD = gnu99;
				GCC_DYNAMIC_NO_PIC = NO;
				GCC_NO_COMMON_BLOCKS = YES;
				GCC_OPTIMIZATION_LEVEL = 0;
				GCC_PREPROCESSOR_DEFINITIONS = (
					"DEBUG=1",
					"$(inherited)",
				);
				GCC_WARN_64_TO_32_BIT_CONVERSION = YES;
				GCC_WARN_ABOUT_RETURN_TYPE = YES_ERROR;
				GCC_WARN_UNDECLARED_SELECTOR = YES;
				GCC_WARN_UNINITIALIZED_AUTOS = YES_AGGRESSIVE;
				GCC_WARN_UNUSED_FUNCTION = YES;
				GCC_WARN_UNUSED_VARIABLE = YES;
				IPHONEOS_DEPLOYMENT_TARGET = 9.2;
				MTL_ENABLE_DEBUG_INFO = YES;
				ONLY_ACTIVE_ARCH = YES;
				SDKROOT = iphoneos;
				SWIFT_OPTIMIZATION_LEVEL = "-Onone";
				TARGETED_DEVICE_FAMILY = "1,2";
			};
			name = Debug;
		};
		C515DCF11C85A25B004A7BD0 /* Release */ = {
			isa = XCBuildConfiguration;
			buildSettings = {
				ALWAYS_SEARCH_USER_PATHS = NO;
				CLANG_CXX_LANGUAGE_STANDARD = "gnu++0x";
				CLANG_CXX_LIBRARY = "libc++";
				CLANG_ENABLE_MODULES = YES;
				CLANG_ENABLE_OBJC_ARC = YES;
				CLANG_WARN_BOOL_CONVERSION = YES;
				CLANG_WARN_CONSTANT_CONVERSION = YES;
				CLANG_WARN_DIRECT_OBJC_ISA_USAGE = YES_ERROR;
				CLANG_WARN_EMPTY_BODY = YES;
				CLANG_WARN_ENUM_CONVERSION = YES;
				CLANG_WARN_INT_CONVERSION = YES;
				CLANG_WARN_OBJC_ROOT_CLASS = YES_ERROR;
				CLANG_WARN_UNREACHABLE_CODE = YES;
				CLANG_WARN__DUPLICATE_METHOD_MATCH = YES;
				"CODE_SIGN_IDENTITY[sdk=iphoneos*]" = "iPhone Developer";
				COPY_PHASE_STRIP = NO;
				DEBUG_INFORMATION_FORMAT = "dwarf-with-dsym";
				ENABLE_NS_ASSERTIONS = NO;
				ENABLE_STRICT_OBJC_MSGSEND = YES;
				GCC_C_LANGUAGE_STANDARD = gnu99;
				GCC_NO_COMMON_BLOCKS = YES;
				GCC_WARN_64_TO_32_BIT_CONVERSION = YES;
				GCC_WARN_ABOUT_RETURN_TYPE = YES_ERROR;
				GCC_WARN_UNDECLARED_SELECTOR = YES;
				GCC_WARN_UNINITIALIZED_AUTOS = YES_AGGRESSIVE;
				GCC_WARN_UNUSED_FUNCTION = YES;
				GCC_WARN_UNUSED_VARIABLE = YES;
				IPHONEOS_DEPLOYMENT_TARGET = 9.2;
				MTL_ENABLE_DEBUG_INFO = NO;
				SDKROOT = iphoneos;
				TARGETED_DEVICE_FAMILY = "1,2";
				VALIDATE_PRODUCT = YES;
			};
			name = Release;
		};
		C515DCF31C85A25B004A7BD0 /* Debug */ = {
			isa = XCBuildConfiguration;
			baseConfigurationReference = 72D93E3165B62EDDFB545E48 /* Pods.debug.xcconfig */;
			buildSettings = {
				ASSETCATALOG_COMPILER_APPICON_NAME = AppIcon;
				INFOPLIST_FILE = SimpleChat/Info.plist;
				LD_RUNPATH_SEARCH_PATHS = "$(inherited) @executable_path/Frameworks";
				PRODUCT_BUNDLE_IDENTIFIER = com.maximpervushin.SimpleChat;
				PRODUCT_NAME = "$(TARGET_NAME)";
			};
			name = Debug;
		};
		C515DCF41C85A25B004A7BD0 /* Release */ = {
			isa = XCBuildConfiguration;
			baseConfigurationReference = 8EDCE3C81E4E95E87DA4A1C8 /* Pods.release.xcconfig */;
			buildSettings = {
				ASSETCATALOG_COMPILER_APPICON_NAME = AppIcon;
				INFOPLIST_FILE = SimpleChat/Info.plist;
				LD_RUNPATH_SEARCH_PATHS = "$(inherited) @executable_path/Frameworks";
				PRODUCT_BUNDLE_IDENTIFIER = com.maximpervushin.SimpleChat;
				PRODUCT_NAME = "$(TARGET_NAME)";
			};
			name = Release;
		};
/* End XCBuildConfiguration section */

/* Begin XCConfigurationList section */
		C515DCDB1C85A25B004A7BD0 /* Build configuration list for PBXProject "SimpleChat" */ = {
			isa = XCConfigurationList;
			buildConfigurations = (
				C515DCF01C85A25B004A7BD0 /* Debug */,
				C515DCF11C85A25B004A7BD0 /* Release */,
			);
			defaultConfigurationIsVisible = 0;
			defaultConfigurationName = Release;
		};
		C515DCF21C85A25B004A7BD0 /* Build configuration list for PBXNativeTarget "SimpleChat" */ = {
			isa = XCConfigurationList;
			buildConfigurations = (
				C515DCF31C85A25B004A7BD0 /* Debug */,
				C515DCF41C85A25B004A7BD0 /* Release */,
			);
			defaultConfigurationIsVisible = 0;
			defaultConfigurationName = Release;
		};
/* End XCConfigurationList section */
	};
	rootObject = C515DCD81C85A25B004A7BD0 /* Project object */;
}
